
Microsoft Visual Studio Solution File, Format Version 12.00
# Visual Studio Version 17
VisualStudioVersion = 17.14.36414.22 d17.14
MinimumVisualStudioVersion = 10.0.40219.1
Project("{FAE04EC0-301F-11D3-BF4B-00C04F79EFBC}") = "Actividad2CatalogoApp", "Actividad2CatalogoApp\Actividad2CatalogoApp.csproj", "{6A00E684-D9AC-4BCA-96B4-BF6E1848DB58}"
EndProject
Project("{FAE04EC0-301F-11D3-BF4B-00C04F79EFBC}") = "Dominio", "Dominio\Dominio.csproj", "{C8F118BC-36FF-4A36-90C4-AAD1ABDEEF3E}"
EndProject
Project("{FAE04EC0-301F-11D3-BF4B-00C04F79EFBC}") = "Negocio", "Negocio\Negocio.csproj", "{0618370B-504B-4571-9572-A232847D8680}"
EndProject
Global
	GlobalSection(SolutionConfigurationPlatforms) = preSolution
		Debug|Any CPU = Debug|Any CPU
		Release|Any CPU = Release|Any CPU
	EndGlobalSection
	GlobalSection(ProjectConfigurationPlatforms) = postSolution
		{6A00E684-D9AC-4BCA-96B4-BF6E1848DB58}.Debug|Any CPU.ActiveCfg = Debug|Any CPU
		{6A00E684-D9AC-4BCA-96B4-BF6E1848DB58}.Debug|Any CPU.Build.0 = Debug|Any CPU
		{6A00E684-D9AC-4BCA-96B4-BF6E1848DB58}.Release|Any CPU.ActiveCfg = Release|Any CPU
		{6A00E684-D9AC-4BCA-96B4-BF6E1848DB58}.Release|Any CPU.Build.0 = Release|Any CPU
		{C8F118BC-36FF-4A36-90C4-AAD1ABDEEF3E}.Debug|Any CPU.ActiveCfg = Debug|Any CPU
		{C8F118BC-36FF-4A36-90C4-AAD1ABDEEF3E}.Debug|Any CPU.Build.0 = Debug|Any CPU
		{C8F118BC-36FF-4A36-90C4-AAD1ABDEEF3E}.Release|Any CPU.ActiveCfg = Release|Any CPU
		{C8F118BC-36FF-4A36-90C4-AAD1ABDEEF3E}.Release|Any CPU.Build.0 = Release|Any CPU
		{0618370B-504B-4571-9572-A232847D8680}.Debug|Any CPU.ActiveCfg = Debug|Any CPU
		{0618370B-504B-4571-9572-A232847D8680}.Debug|Any CPU.Build.0 = Debug|Any CPU
		{0618370B-504B-4571-9572-A232847D8680}.Release|Any CPU.ActiveCfg = Release|Any CPU
		{0618370B-504B-4571-9572-A232847D8680}.Release|Any CPU.Build.0 = Release|Any CPU
	EndGlobalSection
	GlobalSection(SolutionProperties) = preSolution
		HideSolutionNode = FALSE
	EndGlobalSection
	GlobalSection(ExtensibilityGlobals) = postSolution
		SolutionGuid = {BA630618-64A3-4D30-B444-8DF07D2CF51C}
	EndGlobalSection
EndGlobal
